
Microsoft Visual Studio Solution File, Format Version 12.00
# Visual Studio 15
VisualStudioVersion = 15.0.26228.9
MinimumVisualStudioVersion = 10.0.40219.1
Project("{FAE04EC0-301F-11D3-BF4B-00C04F79EFBC}") = "MyWebAPI", "MyWebAPI\MyWebAPI.csproj", "{FEAAFB08-F23E-4AEB-AB66-64762374CC41}"
EndProject
Global
	GlobalSection(SolutionConfigurationPlatforms) = preSolution
		Debug|Any CPU = Debug|Any CPU
		Release|Any CPU = Release|Any CPU
	EndGlobalSection
	GlobalSection(ProjectConfigurationPlatforms) = postSolution
		{FEAAFB08-F23E-4AEB-AB66-64762374CC41}.Debug|Any CPU.ActiveCfg = Debug|Any CPU
		{FEAAFB08-F23E-4AEB-AB66-64762374CC41}.Debug|Any CPU.Build.0 = Debug|Any CPU
		{FEAAFB08-F23E-4AEB-AB66-64762374CC41}.Release|Any CPU.ActiveCfg = Release|Any CPU
		{FEAAFB08-F23E-4AEB-AB66-64762374CC41}.Release|Any CPU.Build.0 = Release|Any CPU
	EndGlobalSection
	GlobalSection(SolutionProperties) = preSolution
		HideSolutionNode = FALSE
	EndGlobalSection
EndGlobal
